
Microsoft Visual Studio Solution File, Format Version 12.00
# Visual Studio Version 17
VisualStudioVersion = 17.2.32630.192
MinimumVisualStudioVersion = 10.0.40219.1
Project("{9A19103F-16F7-4668-BE54-9A1E7A4F7556}") = "Calling", "Calling.csproj", "{94EB1E82-A118-4139-9CBA-FBFB1339F554}"
EndProject
Global
	GlobalSection(SolutionConfigurationPlatforms) = preSolution
		Debug|Any CPU = Debug|Any CPU
		Release|Any CPU = Release|Any CPU
	EndGlobalSection
	GlobalSection(ProjectConfigurationPlatforms) = postSolution
		{94EB1E82-A118-4139-9CBA-FBFB1339F554}.Debug|Any CPU.ActiveCfg = Debug|Any CPU
		{94EB1E82-A118-4139-9CBA-FBFB1339F554}.Debug|Any CPU.Build.0 = Debug|Any CPU
		{94EB1E82-A118-4139-9CBA-FBFB1339F554}.Release|Any CPU.ActiveCfg = Release|Any CPU
		{94EB1E82-A118-4139-9CBA-FBFB1339F554}.Release|Any CPU.Build.0 = Release|Any CPU
	EndGlobalSection
	GlobalSection(SolutionProperties) = preSolution
		HideSolutionNode = FALSE
	EndGlobalSection
	GlobalSection(ExtensibilityGlobals) = postSolution
		SolutionGuid = {7F9D56DD-4391-410F-B6A0-A66464014D30}
	EndGlobalSection
EndGlobal
